
Microsoft Visual Studio Solution File, Format Version 11.00
# Visual Studio 2010
Project("{FAE04EC0-301F-11D3-BF4B-00C04F79EFBC}") = "GraphSample", "GraphSample\GraphSample.csproj", "{5E206CC1-C0C7-4FB1-971E-19B335D3F54A}"
	ProjectSection(ProjectDependencies) = postProject
		{5DEA2811-2FFA-4959-830B-CAD3ACACABEB} = {5DEA2811-2FFA-4959-830B-CAD3ACACABEB}
	EndProjectSection
EndProject
Project("{FAE04EC0-301F-11D3-BF4B-00C04F79EFBC}") = "CommandLine", "ThirdParty\CommandLine\src\libcmdline\CommandLine.csproj", "{5DEA2811-2FFA-4959-830B-CAD3ACACABEB}"
EndProject
Project("{FAE04EC0-301F-11D3-BF4B-00C04F79EFBC}") = "Graph", "Graph\Graph.csproj", "{56DBAF86-6A31-4B66-8F52-2C55FC5888C8}"
EndProject
Project("{FAE04EC0-301F-11D3-BF4B-00C04F79EFBC}") = "GraphMetrics", "GraphMetrics\GraphMetrics.csproj", "{F8435BF4-74F9-4CBA-8C3E-2B1C9CE0DB8A}"
EndProject
Project("{FAE04EC0-301F-11D3-BF4B-00C04F79EFBC}") = "GeneralizedMaximumFlow", "GeneralizedMaximumFlow\GeneralizedMaximumFlow.csproj", "{ADBC5AF9-0394-4208-B2B6-E5892A4C0284}"
EndProject
Project("{FAE04EC0-301F-11D3-BF4B-00C04F79EFBC}") = "FastGMF", "FastGMF\FastGMF.csproj", "{045B4F22-29ED-4C36-AE38-BD5F2B3DA00C}"
EndProject
Project("{FAE04EC0-301F-11D3-BF4B-00C04F79EFBC}") = "AccuracyExperiment", "AccuracyExperiment\AccuracyExperiment.csproj", "{EA93BB6A-866D-48AA-8B67-EB0B8F5338C0}"
EndProject
Project("{FAE04EC0-301F-11D3-BF4B-00C04F79EFBC}") = "Test", "Test\Test.csproj", "{0E5F993B-A127-4CCF-A2D2-584159B75412}"
EndProject
Global
	GlobalSection(SolutionConfigurationPlatforms) = preSolution
		Debug|x64 = Debug|x64
		Release|x64 = Release|x64
	EndGlobalSection
	GlobalSection(ProjectConfigurationPlatforms) = postSolution
		{5E206CC1-C0C7-4FB1-971E-19B335D3F54A}.Debug|x64.ActiveCfg = Debug|x64
		{5E206CC1-C0C7-4FB1-971E-19B335D3F54A}.Debug|x64.Build.0 = Debug|x64
		{5E206CC1-C0C7-4FB1-971E-19B335D3F54A}.Release|x64.ActiveCfg = Release|x64
		{5E206CC1-C0C7-4FB1-971E-19B335D3F54A}.Release|x64.Build.0 = Release|x64
		{5DEA2811-2FFA-4959-830B-CAD3ACACABEB}.Debug|x64.ActiveCfg = Debug|x64
		{5DEA2811-2FFA-4959-830B-CAD3ACACABEB}.Debug|x64.Build.0 = Debug|x64
		{5DEA2811-2FFA-4959-830B-CAD3ACACABEB}.Release|x64.ActiveCfg = Release|x64
		{5DEA2811-2FFA-4959-830B-CAD3ACACABEB}.Release|x64.Build.0 = Release|x64
		{56DBAF86-6A31-4B66-8F52-2C55FC5888C8}.Debug|x64.ActiveCfg = Debug|x64
		{56DBAF86-6A31-4B66-8F52-2C55FC5888C8}.Debug|x64.Build.0 = Debug|x64
		{56DBAF86-6A31-4B66-8F52-2C55FC5888C8}.Release|x64.ActiveCfg = Release|x64
		{56DBAF86-6A31-4B66-8F52-2C55FC5888C8}.Release|x64.Build.0 = Release|x64
		{F8435BF4-74F9-4CBA-8C3E-2B1C9CE0DB8A}.Debug|x64.ActiveCfg = Debug|x64
		{F8435BF4-74F9-4CBA-8C3E-2B1C9CE0DB8A}.Debug|x64.Build.0 = Debug|x64
		{F8435BF4-74F9-4CBA-8C3E-2B1C9CE0DB8A}.Release|x64.ActiveCfg = Release|x64
		{F8435BF4-74F9-4CBA-8C3E-2B1C9CE0DB8A}.Release|x64.Build.0 = Release|x64
		{ADBC5AF9-0394-4208-B2B6-E5892A4C0284}.Debug|x64.ActiveCfg = Debug|x64
		{ADBC5AF9-0394-4208-B2B6-E5892A4C0284}.Debug|x64.Build.0 = Debug|x64
		{ADBC5AF9-0394-4208-B2B6-E5892A4C0284}.Release|x64.ActiveCfg = Release|x64
		{ADBC5AF9-0394-4208-B2B6-E5892A4C0284}.Release|x64.Build.0 = Release|x64
		{045B4F22-29ED-4C36-AE38-BD5F2B3DA00C}.Debug|x64.ActiveCfg = Debug|x64
		{045B4F22-29ED-4C36-AE38-BD5F2B3DA00C}.Debug|x64.Build.0 = Debug|x64
		{045B4F22-29ED-4C36-AE38-BD5F2B3DA00C}.Release|x64.ActiveCfg = Release|x64
		{045B4F22-29ED-4C36-AE38-BD5F2B3DA00C}.Release|x64.Build.0 = Release|x64
		{EA93BB6A-866D-48AA-8B67-EB0B8F5338C0}.Debug|x64.ActiveCfg = Debug|x64
		{EA93BB6A-866D-48AA-8B67-EB0B8F5338C0}.Debug|x64.Build.0 = Debug|x64
		{EA93BB6A-866D-48AA-8B67-EB0B8F5338C0}.Release|x64.ActiveCfg = Release|x64
		{EA93BB6A-866D-48AA-8B67-EB0B8F5338C0}.Release|x64.Build.0 = Release|x64
		{0E5F993B-A127-4CCF-A2D2-584159B75412}.Debug|x64.ActiveCfg = Debug|x64
		{0E5F993B-A127-4CCF-A2D2-584159B75412}.Debug|x64.Build.0 = Debug|x64
		{0E5F993B-A127-4CCF-A2D2-584159B75412}.Release|x64.ActiveCfg = Release|x86
	EndGlobalSection
	GlobalSection(SolutionProperties) = preSolution
		HideSolutionNode = FALSE
	EndGlobalSection
EndGlobal
